PODS:
  - Flutter (1.0.0)
  - zinnia_flutter (0.0.1):
    - Flutter

DEPENDENCIES:
  - Flutter (from `Flutter`)
  - zinnia_flutter (from `.symlinks/plugins/zinnia_flutter/ios`)

EXTERNAL SOURCES:
  Flutter:
    :path: Flutter
  zinnia_flutter:
    :path: ".symlinks/plugins/zinnia_flutter/ios"

SPEC CHECKSUMS:
  Flutter: 50d75fe2f02b26cc09d224853bb45737f8b3214a
  zinnia_flutter: a1ac19e0be068ffd706fddf79fb7ef854e70fa75

PODFILE CHECKSUM: aafe91acc616949ddb318b77800a7f51bffa2a4c

COCOAPODS: 1.11.2
